// !$*UTF8*$!
{
	archiveVersion = 1;
	classes = {
	};
	objectVersion = 50;
	objects = {

/* Begin PBXBuildFile section */
		5A0A433521D13C35007ACAB4 /* RADemoBaseViewController.m in Sources */ = {isa = PBXBuildFile; fileRef = 5A0A431521D13C35007ACAB4 /* RADemoBaseViewController.m */; };
		5A0A433621D13C35007ACAB4 /* RADemo5ViewController.m in Sources */ = {isa = PBXBuildFile; fileRef = 5A0A431921D13C35007ACAB4 /* RADemo5ViewController.m */; };
		5A0A433721D13C35007ACAB4 /* RADemo2ViewController.m in Sources */ = {isa = PBXBuildFile; fileRef = 5A0A431C21D13C35007ACAB4 /* RADemo2ViewController.m */; };
		5A0A433821D13C35007ACAB4 /* RADemo3ViewController.m in Sources */ = {isa = PBXBuildFile; fileRef = 5A0A431F21D13C35007ACAB4 /* RADemo3ViewController.m */; };
		5A0A433921D13C35007ACAB4 /* RADemo4ViewController.m in Sources */ = {isa = PBXBuildFile; fileRef = 5A0A432221D13C35007ACAB4 /* RADemo4ViewController.m */; };
		5A0A433A21D13C35007ACAB4 /* RADemo1ViewController.m in Sources */ = {isa = PBXBuildFile; fileRef = 5A0A432621D13C35007ACAB4 /* RADemo1ViewController.m */; };
		5A0A433B21D13C35007ACAB4 /* RADemo6ViewController.m in Sources */ = {isa = PBXBuildFile; fileRef = 5A0A432921D13C35007ACAB4 /* RADemo6ViewController.m */; };
		5A0A433C21D13C35007ACAB4 /* CustomPushTransition.m in Sources */ = {isa = PBXBuildFile; fileRef = 5A0A432C21D13C35007ACAB4 /* CustomPushTransition.m */; };
		5A0A433D21D13C35007ACAB4 /* CustomPresentTransition.m in Sources */ = {isa = PBXBuildFile; fileRef = 5A0A432D21D13C35007ACAB4 /* CustomPresentTransition.m */; };
		5A0A433E21D13C35007ACAB4 /* RADemo7ViewController.m in Sources */ = {isa = PBXBuildFile; fileRef = 5A0A433121D13C35007ACAB4 /* RADemo7ViewController.m */; };
		5A0A433F21D13C35007ACAB4 /* RADemoListViewController.m in Sources */ = {isa = PBXBuildFile; fileRef = 5A0A433321D13C35007ACAB4 /* RADemoListViewController.m */; };
		5A3D68BD21CD2CD300994FEE /* AppDelegate.m in Sources */ = {isa = PBXBuildFile; fileRef = 5A3D68BC21CD2CD300994FEE /* AppDelegate.m */; };
		5A3D68C321CD2CD300994FEE /* Main.storyboard in Resources */ = {isa = PBXBuildFile; fileRef = 5A3D68C121CD2CD300994FEE /* Main.storyboard */; };
		5A3D68C521CD2CD300994FEE /* Assets.xcassets in Resources */ = {isa = PBXBuildFile; fileRef = 5A3D68C421CD2CD300994FEE /* Assets.xcassets */; };
		5A3D68C821CD2CD300994FEE /* LaunchScreen.storyboard in Resources */ = {isa = PBXBuildFile; fileRef = 5A3D68C621CD2CD300994FEE /* LaunchScreen.storyboard */; };
		5A3D68CB21CD2CD300994FEE /* main.m in Sources */ = {isa = PBXBuildFile; fileRef = 5A3D68CA21CD2CD300994FEE /* main.m */; };
		B86A3A6CFCC5D3AD7D8E4CC6 /* Pods_RouteAction_Example.framework in Frameworks */ = {isa = PBXBuildFile; fileRef = DBA93B559F50E8B15DB25FA1 /* Pods_RouteAction_Example.framework */; };
/* End PBXBuildFile section */

/* Begin PBXFileReference section */
		59604E6E5919A1E83714FEFC /* Pods-RouteAction-Example.debug.xcconfig */ = {isa = PBXFileReference; includeInIndex = 1; lastKnownFileType = text.xcconfig; name = "Pods-RouteAction-Example.debug.xcconfig"; path = "Pods/Target Support Files/Pods-RouteAction-Example/Pods-RouteAction-Example.debug.xcconfig"; sourceTree = "<group>"; };
		5A0A431521D13C35007ACAB4 /* RADemoBaseViewController.m */ = {isa = PBXFileReference; fileEncoding = 4; lastKnownFileType = sourcecode.c.objc; path = RADemoBaseViewController.m; sourceTree = "<group>"; };
		5A0A431621D13C35007ACAB4 /* RADemoBaseViewController.h */ = {isa = PBXFileReference; fileEncoding = 4; lastKnownFileType = sourcecode.c.h; path = RADemoBaseViewController.h; sourceTree = "<group>"; };
		5A0A431921D13C35007ACAB4 /* RADemo5ViewController.m */ = {isa = PBXFileReference; fileEncoding = 4; lastKnownFileType = sourcecode.c.objc; path = RADemo5ViewController.m; sourceTree = "<group>"; };
		5A0A431A21D13C35007ACAB4 /* RADemo5ViewController.h */ = {isa = PBXFileReference; fileEncoding = 4; lastKnownFileType = sourcecode.c.h; path = RADemo5ViewController.h; sourceTree = "<group>"; };
		5A0A431C21D13C35007ACAB4 /* RADemo2ViewController.m */ = {isa = PBXFileReference; fileEncoding = 4; lastKnownFileType = sourcecode.c.objc; path = RADemo2ViewController.m; sourceTree = "<group>"; };
		5A0A431D21D13C35007ACAB4 /* RADemo2ViewController.h */ = {isa = PBXFileReference; fileEncoding = 4; lastKnownFileType = sourcecode.c.h; path = RADemo2ViewController.h; sourceTree = "<group>"; };
		5A0A431F21D13C35007ACAB4 /* RADemo3ViewController.m */ = {isa = PBXFileReference; fileEncoding = 4; lastKnownFileType = sourcecode.c.objc; path = RADemo3ViewController.m; sourceTree = "<group>"; };
		5A0A432021D13C35007ACAB4 /* RADemo3ViewController.h */ = {isa = PBXFileReference; fileEncoding = 4; lastKnownFileType = sourcecode.c.h; path = RADemo3ViewController.h; sourceTree = "<group>"; };
		5A0A432221D13C35007ACAB4 /* RADemo4ViewController.m */ = {isa = PBXFileReference; fileEncoding = 4; lastKnownFileType = sourcecode.c.objc; path = RADemo4ViewController.m; sourceTree = "<group>"; };
		5A0A432321D13C35007ACAB4 /* RADemo4ViewController.h */ = {isa = PBXFileReference; fileEncoding = 4; lastKnownFileType = sourcecode.c.h; path = RADemo4ViewController.h; sourceTree = "<group>"; };
		5A0A432521D13C35007ACAB4 /* RADemo1ViewController.h */ = {isa = PBXFileReference; fileEncoding = 4; lastKnownFileType = sourcecode.c.h; path = RADemo1ViewController.h; sourceTree = "<group>"; };
		5A0A432621D13C35007ACAB4 /* RADemo1ViewController.m */ = {isa = PBXFileReference; fileEncoding = 4; lastKnownFileType = sourcecode.c.objc; path = RADemo1ViewController.m; sourceTree = "<group>"; };
		5A0A432821D13C35007ACAB4 /* RADemo6ViewController.h */ = {isa = PBXFileReference; fileEncoding = 4; lastKnownFileType = sourcecode.c.h; path = RADemo6ViewController.h; sourceTree = "<group>"; };
		5A0A432921D13C35007ACAB4 /* RADemo6ViewController.m */ = {isa = PBXFileReference; fileEncoding = 4; lastKnownFileType = sourcecode.c.objc; path = RADemo6ViewController.m; sourceTree = "<group>"; };
		5A0A432C21D13C35007ACAB4 /* CustomPushTransition.m */ = {isa = PBXFileReference; fileEncoding = 4; lastKnownFileType = sourcecode.c.objc; path = CustomPushTransition.m; sourceTree = "<group>"; };
		5A0A432D21D13C35007ACAB4 /* CustomPresentTransition.m */ = {isa = PBXFileReference; fileEncoding = 4; lastKnownFileType = sourcecode.c.objc; path = CustomPresentTransition.m; sourceTree = "<group>"; };
		5A0A432E21D13C35007ACAB4 /* CustomPresentTransition.h */ = {isa = PBXFileReference; fileEncoding = 4; lastKnownFileType = sourcecode.c.h; path = CustomPresentTransition.h; sourceTree = "<group>"; };
		5A0A432F21D13C35007ACAB4 /* CustomPushTransition.h */ = {isa = PBXFileReference; fileEncoding = 4; lastKnownFileType = sourcecode.c.h; path = CustomPushTransition.h; sourceTree = "<group>"; };
		5A0A433021D13C35007ACAB4 /* RADemo7ViewController.h */ = {isa = PBXFileReference; fileEncoding = 4; lastKnownFileType = sourcecode.c.h; path = RADemo7ViewController.h; sourceTree = "<group>"; };
		5A0A433121D13C35007ACAB4 /* RADemo7ViewController.m */ = {isa = PBXFileReference; fileEncoding = 4; lastKnownFileType = sourcecode.c.objc; path = RADemo7ViewController.m; sourceTree = "<group>"; };
		5A0A433321D13C35007ACAB4 /* RADemoListViewController.m */ = {isa = PBXFileReference; fileEncoding = 4; lastKnownFileType = sourcecode.c.objc; path = RADemoListViewController.m; sourceTree = "<group>"; };
		5A0A433421D13C35007ACAB4 /* RADemoListViewController.h */ = {isa = PBXFileReference; fileEncoding = 4; lastKnownFileType = sourcecode.c.h; path = RADemoListViewController.h; sourceTree = "<group>"; };
		5A3D68B821CD2CD300994FEE /* RouteAction-Example.app */ = {isa = PBXFileReference; explicitFileType = wrapper.application; includeInIndex = 0; path = "RouteAction-Example.app"; sourceTree = BUILT_PRODUCTS_DIR; };
		5A3D68BB21CD2CD300994FEE /* AppDelegate.h */ = {isa = PBXFileReference; lastKnownFileType = sourcecode.c.h; path = AppDelegate.h; sourceTree = "<group>"; };
		5A3D68BC21CD2CD300994FEE /* AppDelegate.m */ = {isa = PBXFileReference; lastKnownFileType = sourcecode.c.objc; path = AppDelegate.m; sourceTree = "<group>"; };
		5A3D68C221CD2CD300994FEE /* Base */ = {isa = PBXFileReference; lastKnownFileType = file.storyboard; name = Base; path = Base.lproj/Main.storyboard; sourceTree = "<group>"; };
		5A3D68C421CD2CD300994FEE /* Assets.xcassets */ = {isa = PBXFileReference; lastKnownFileType = folder.assetcatalog; path = Assets.xcassets; sourceTree = "<group>"; };
		5A3D68C721CD2CD300994FEE /* Base */ = {isa = PBXFileReference; lastKnownFileType = file.storyboard; name = Base; path = Base.lproj/LaunchScreen.storyboard; sourceTree = "<group>"; };
		5A3D68C921CD2CD300994FEE /* Info.plist */ = {isa = PBXFileReference; lastKnownFileType = text.plist.xml; path = Info.plist; sourceTree = "<group>"; };
		5A3D68CA21CD2CD300994FEE /* main.m */ = {isa = PBXFileReference; lastKnownFileType = sourcecode.c.objc; path = main.m; sourceTree = "<group>"; };
		C2BA4D4982A979F37CBB6B4C /* Pods-RouteAction-Example.release.xcconfig */ = {isa = PBXFileReference; includeInIndex = 1; lastKnownFileType = text.xcconfig; name = "Pods-RouteAction-Example.release.xcconfig"; path = "Pods/Target Support Files/Pods-RouteAction-Example/Pods-RouteAction-Example.release.xcconfig"; sourceTree = "<group>"; };
		DBA93B559F50E8B15DB25FA1 /* Pods_RouteAction_Example.framework */ = {isa = PBXFileReference; explicitFileType = wrapper.framework; includeInIndex = 0; path = Pods_RouteAction_Example.framework; sourceTree = BUILT_PRODUCTS_DIR; };
/* End PBXFileReference section */

/* Begin PBXFrameworksBuildPhase section */
		5A3D68B521CD2CD300994FEE /* Frameworks */ = {
			isa = PBXFrameworksBuildPhase;
			buildActionMask = 2147483647;
			files = (
				B86A3A6CFCC5D3AD7D8E4CC6 /* Pods_RouteAction_Example.framework in Frameworks */,
			);
			runOnlyForDeploymentPostprocessing = 0;
		};
/* End PBXFrameworksBuildPhase section */

/* Begin PBXGroup section */
		346AB5F193578305D367D397 /* Frameworks */ = {
			isa = PBXGroup;
			children = (
				DBA93B559F50E8B15DB25FA1 /* Pods_RouteAction_Example.framework */,
			);
			name = Frameworks;
			sourceTree = "<group>";
		};
		5A0A431421D13C35007ACAB4 /* Base */ = {
			isa = PBXGroup;
			children = (
				5A0A431621D13C35007ACAB4 /* RADemoBaseViewController.h */,
				5A0A431521D13C35007ACAB4 /* RADemoBaseViewController.m */,
			);
			path = Base;
			sourceTree = "<group>";
		};
		5A0A431721D13C35007ACAB4 /* Demos */ = {
			isa = PBXGroup;
			children = (
				5A0A432421D13C35007ACAB4 /* Demo1 */,
				5A0A431B21D13C35007ACAB4 /* Demo2 */,
				5A0A431E21D13C35007ACAB4 /* Demo3 */,
				5A0A432121D13C35007ACAB4 /* Demo4 */,
				5A0A431821D13C35007ACAB4 /* Demo5 */,
				5A0A432721D13C35007ACAB4 /* Demo6 */,
				5A0A432A21D13C35007ACAB4 /* Demo7 */,
			);
			path = Demos;
			sourceTree = "<group>";
		};
		5A0A431821D13C35007ACAB4 /* Demo5 */ = {
			isa = PBXGroup;
			children = (
				5A0A431A21D13C35007ACAB4 /* RADemo5ViewController.h */,
				5A0A431921D13C35007ACAB4 /* RADemo5ViewController.m */,
			);
			path = Demo5;
			sourceTree = "<group>";
		};
		5A0A431B21D13C35007ACAB4 /* Demo2 */ = {
			isa = PBXGroup;
			children = (
				5A0A431D21D13C35007ACAB4 /* RADemo2ViewController.h */,
				5A0A431C21D13C35007ACAB4 /* RADemo2ViewController.m */,
			);
			path = Demo2;
			sourceTree = "<group>";
		};
		5A0A431E21D13C35007ACAB4 /* Demo3 */ = {
			isa = PBXGroup;
			children = (
				5A0A432021D13C35007ACAB4 /* RADemo3ViewController.h */,
				5A0A431F21D13C35007ACAB4 /* RADemo3ViewController.m */,
			);
			path = Demo3;
			sourceTree = "<group>";
		};
		5A0A432121D13C35007ACAB4 /* Demo4 */ = {
			isa = PBXGroup;
			children = (
				5A0A432321D13C35007ACAB4 /* RADemo4ViewController.h */,
				5A0A432221D13C35007ACAB4 /* RADemo4ViewController.m */,
			);
			path = Demo4;
			sourceTree = "<group>";
		};
		5A0A432421D13C35007ACAB4 /* Demo1 */ = {
			isa = PBXGroup;
			children = (
				5A0A432521D13C35007ACAB4 /* RADemo1ViewController.h */,
				5A0A432621D13C35007ACAB4 /* RADemo1ViewController.m */,
			);
			path = Demo1;
			sourceTree = "<group>";
		};
		5A0A432721D13C35007ACAB4 /* Demo6 */ = {
			isa = PBXGroup;
			children = (
				5A0A432821D13C35007ACAB4 /* RADemo6ViewController.h */,
				5A0A432921D13C35007ACAB4 /* RADemo6ViewController.m */,
			);
			path = Demo6;
			sourceTree = "<group>";
		};
		5A0A432A21D13C35007ACAB4 /* Demo7 */ = {
			isa = PBXGroup;
			children = (
				5A0A432B21D13C35007ACAB4 /* CustomTransitions */,
				5A0A433021D13C35007ACAB4 /* RADemo7ViewController.h */,
				5A0A433121D13C35007ACAB4 /* RADemo7ViewController.m */,
			);
			path = Demo7;
			sourceTree = "<group>";
		};
		5A0A432B21D13C35007ACAB4 /* CustomTransitions */ = {
			isa = PBXGroup;
			children = (
				5A0A432F21D13C35007ACAB4 /* CustomPushTransition.h */,
				5A0A432C21D13C35007ACAB4 /* CustomPushTransition.m */,
				5A0A432E21D13C35007ACAB4 /* CustomPresentTransition.h */,
				5A0A432D21D13C35007ACAB4 /* CustomPresentTransition.m */,
			);
			path = CustomTransitions;
			sourceTree = "<group>";
		};
		5A0A433221D13C35007ACAB4 /* DemoList */ = {
			isa = PBXGroup;
			children = (
				5A0A433421D13C35007ACAB4 /* RADemoListViewController.h */,
				5A0A433321D13C35007ACAB4 /* RADemoListViewController.m */,
			);
			path = DemoList;
			sourceTree = "<group>";
		};
		5A10096C21D0B44C00BE93BB /* Support Files */ = {
			isa = PBXGroup;
			children = (
				5A3D68BB21CD2CD300994FEE /* AppDelegate.h */,
				5A3D68BC21CD2CD300994FEE /* AppDelegate.m */,
				5A3D68C121CD2CD300994FEE /* Main.storyboard */,
				5A3D68C421CD2CD300994FEE /* Assets.xcassets */,
				5A3D68C621CD2CD300994FEE /* LaunchScreen.storyboard */,
				5A3D68C921CD2CD300994FEE /* Info.plist */,
				5A3D68CA21CD2CD300994FEE /* main.m */,
			);
			name = "Support Files";
			sourceTree = "<group>";
		};
		5A3D68AF21CD2CD300994FEE = {
			isa = PBXGroup;
			children = (
				5A3D68BA21CD2CD300994FEE /* RouteAction-Example */,
				5A3D68B921CD2CD300994FEE /* Products */,
				D7C37C8B416269C8B64BD8A0 /* Pods */,
				346AB5F193578305D367D397 /* Frameworks */,
			);
			sourceTree = "<group>";
		};
		5A3D68B921CD2CD300994FEE /* Products */ = {
			isa = PBXGroup;
			children = (
				5A3D68B821CD2CD300994FEE /* RouteAction-Example.app */,
			);
			name = Products;
			sourceTree = "<group>";
		};
		5A3D68BA21CD2CD300994FEE /* RouteAction-Example */ = {
			isa = PBXGroup;
			children = (
				5A0A431421D13C35007ACAB4 /* Base */,
				5A0A433221D13C35007ACAB4 /* DemoList */,
				5A0A431721D13C35007ACAB4 /* Demos */,
				5A10096C21D0B44C00BE93BB /* Support Files */,
			);
			path = "RouteAction-Example";
			sourceTree = "<group>";
		};
		D7C37C8B416269C8B64BD8A0 /* Pods */ = {
			isa = PBXGroup;
			children = (
				59604E6E5919A1E83714FEFC /* Pods-RouteAction-Example.debug.xcconfig */,
				C2BA4D4982A979F37CBB6B4C /* Pods-RouteAction-Example.release.xcconfig */,
			);
			name = Pods;
			sourceTree = "<group>";
		};
/* End PBXGroup section */

/* Begin PBXNativeTarget section */
		5A3D68B721CD2CD300994FEE /* RouteAction-Example */ = {
			isa = PBXNativeTarget;
			buildConfigurationList = 5A3D68CE21CD2CD300994FEE /* Build configuration list for PBXNativeTarget "RouteAction-Example" */;
			buildPhases = (
				2A867D636DAFB37E86D8A259 /* [CP] Check Pods Manifest.lock */,
				5A3D68B421CD2CD300994FEE /* Sources */,
				5A3D68B521CD2CD300994FEE /* Frameworks */,
				5A3D68B621CD2CD300994FEE /* Resources */,
				6DF2FA4C10EAD27C97CB6E07 /* [CP] Embed Pods Frameworks */,
			);
			buildRules = (
			);
			dependencies = (
			);
			name = "RouteAction-Example";
			productName = "RouteAction-Example";
			productReference = 5A3D68B821CD2CD300994FEE /* RouteAction-Example.app */;
			productType = "com.apple.product-type.application";
		};
/* End PBXNativeTarget section */

/* Begin PBXProject section */
		5A3D68B021CD2CD300994FEE /* Project object */ = {
			isa = PBXProject;
			attributes = {
				LastUpgradeCheck = 1010;
				ORGANIZATIONNAME = GuangYu;
				TargetAttributes = {
					5A3D68B721CD2CD300994FEE = {
						CreatedOnToolsVersion = 10.1;
					};
				};
			};
			buildConfigurationList = 5A3D68B321CD2CD300994FEE /* Build configuration list for PBXProject "RouteAction-Example" */;
			compatibilityVersion = "Xcode 9.3";
			developmentRegion = en;
			hasScannedForEncodings = 0;
			knownRegions = (
				en,
				Base,
			);
			mainGroup = 5A3D68AF21CD2CD300994FEE;
			productRefGroup = 5A3D68B921CD2CD300994FEE /* Products */;
			projectDirPath = "";
			projectRoot = "";
			targets = (
				5A3D68B721CD2CD300994FEE /* RouteAction-Example */,
			);
		};
/* End PBXProject section */

/* Begin PBXResourcesBuildPhase section */
		5A3D68B621CD2CD300994FEE /* Resources */ = {
			isa = PBXResourcesBuildPhase;
			buildActionMask = 2147483647;
			files = (
				5A3D68C821CD2CD300994FEE /* LaunchScreen.storyboard in Resources */,
				5A3D68C521CD2CD300994FEE /* Assets.xcassets in Resources */,
				5A3D68C321CD2CD300994FEE /* Main.storyboard in Resources */,
			);
			runOnlyForDeploymentPostprocessing = 0;
		};
/* End PBXResourcesBuildPhase section */

/* Begin PBXShellScriptBuildPhase section */
		2A867D636DAFB37E86D8A259 /* [CP] Check Pods Manifest.lock */ = {
			isa = PBXShellScriptBuildPhase;
			buildActionMask = 2147483647;
			files = (
			);
			inputFileListPaths = (
			);
			inputPaths = (
				"${PODS_PODFILE_DIR_PATH}/Podfile.lock",
				"${PODS_ROOT}/Manifest.lock",
			);
			name = "[CP] Check Pods Manifest.lock";
			outputFileListPaths = (
			);
			outputPaths = (
				"$(DERIVED_FILE_DIR)/Pods-RouteAction-Example-checkManifestLockResult.txt",
			);
			runOnlyForDeploymentPostprocessing = 0;
			shellPath = /bin/sh;
			shellScript = "diff \"${PODS_PODFILE_DIR_PATH}/Podfile.lock\" \"${PODS_ROOT}/Manifest.lock\" > /dev/null\nif [ $? != 0 ] ; then\n    # print error to STDERR\n    echo \"error: The sandbox is not in sync with the Podfile.lock. Run 'pod install' or update your CocoaPods installation.\" >&2\n    exit 1\nfi\n# This output is used by Xcode 'outputs' to avoid re-running this script phase.\necho \"SUCCESS\" > \"${SCRIPT_OUTPUT_FILE_0}\"\n";
			showEnvVarsInLog = 0;
		};
		6DF2FA4C10EAD27C97CB6E07 /* [CP] Embed Pods Frameworks */ = {
			isa = PBXShellScriptBuildPhase;
			buildActionMask = 2147483647;
			files = (
			);
			inputFileListPaths = (
			);
			inputPaths = (
				"${SRCROOT}/Pods/Target Support Files/Pods-RouteAction-Example/Pods-RouteAction-Example-frameworks.sh",
				"${BUILT_PRODUCTS_DIR}/RouteAction/RouteAction.framework",
			);
			name = "[CP] Embed Pods Frameworks";
			outputFileListPaths = (
			);
			outputPaths = (
				"${TARGET_BUILD_DIR}/${FRAMEWORKS_FOLDER_PATH}/RouteAction.framework",
			);
			runOnlyForDeploymentPostprocessing = 0;
			shellPath = /bin/sh;
			shellScript = "\"${SRCROOT}/Pods/Target Support Files/Pods-RouteAction-Example/Pods-RouteAction-Example-frameworks.sh\"\n";
			showEnvVarsInLog = 0;
		};
/* End PBXShellScriptBuildPhase section */

/* Begin PBXSourcesBuildPhase section */
		5A3D68B421CD2CD300994FEE /* Sources */ = {
			isa = PBXSourcesBuildPhase;
			buildActionMask = 2147483647;
			files = (
				5A0A433821D13C35007ACAB4 /* RADemo3ViewController.m in Sources */,
				5A0A433B21D13C35007ACAB4 /* RADemo6ViewController.m in Sources */,
				5A3D68CB21CD2CD300994FEE /* main.m in Sources */,
				5A0A433A21D13C35007ACAB4 /* RADemo1ViewController.m in Sources */,
				5A0A433D21D13C35007ACAB4 /* CustomPresentTransition.m in Sources */,
				5A0A433921D13C35007ACAB4 /* RADemo4ViewController.m in Sources */,
				5A3D68BD21CD2CD300994FEE /* AppDelegate.m in Sources */,
				5A0A433F21D13C35007ACAB4 /* RADemoListViewController.m in Sources */,
				5A0A433621D13C35007ACAB4 /* RADemo5ViewController.m in Sources */,
				5A0A433E21D13C35007ACAB4 /* RADemo7ViewController.m in Sources */,
				5A0A433521D13C35007ACAB4 /* RADemoBaseViewController.m in Sources */,
				5A0A433721D13C35007ACAB4 /* RADemo2ViewController.m in Sources */,
				5A0A433C21D13C35007ACAB4 /* CustomPushTransition.m in Sources */,
			);
			runOnlyForDeploymentPostprocessing = 0;
		};
/* End PBXSourcesBuildPhase section */

/* Begin PBXVariantGroup section */
		5A3D68C121CD2CD300994FEE /* Main.storyboard */ = {
			isa = PBXVariantGroup;
			children = (
				5A3D68C221CD2CD300994FEE /* Base */,
			);
			name = Main.storyboard;
			sourceTree = "<group>";
		};
		5A3D68C621CD2CD300994FEE /* LaunchScreen.storyboard */ = {
			isa = PBXVariantGroup;
			children = (
				5A3D68C721CD2CD300994FEE /* Base */,
			);
			name = LaunchScreen.storyboard;
			sourceTree = "<group>";
		};
/* End PBXVariantGroup section */

/* Begin XCBuildConfiguration section */
		5A3D68CC21CD2CD300994FEE /* Debug */ = {
			isa = XCBuildConfiguration;
			buildSettings = {
				ALWAYS_SEARCH_USER_PATHS = NO;
				CLANG_ANALYZER_NONNULL = YES;
				CLANG_ANALYZER_NUMBER_OBJECT_CONVERSION = YES_AGGRESSIVE;
				CLANG_CXX_LANGUAGE_STANDARD = "gnu++14";
				CLANG_CXX_LIBRARY = "libc++";
				CLANG_ENABLE_MODULES = YES;
				CLANG_ENABLE_OBJC_ARC = YES;
				CLANG_ENABLE_OBJC_WEAK = YES;
				CLANG_WARN_BLOCK_CAPTURE_AUTORELEASING = YES;
				CLANG_WARN_BOOL_CONVERSION = YES;
				CLANG_WARN_COMMA = YES;
				CLANG_WARN_CONSTANT_CONVERSION = YES;
				CLANG_WARN_DEPRECATED_OBJC_IMPLEMENTATIONS = YES;
				CLANG_WARN_DIRECT_OBJC_ISA_USAGE = YES_ERROR;
				CLANG_WARN_DOCUMENTATION_COMMENTS = YES;
				CLANG_WARN_EMPTY_BODY = YES;
				CLANG_WARN_ENUM_CONVERSION = YES;
				CLANG_WARN_INFINITE_RECURSION = YES;
				CLANG_WARN_INT_CONVERSION = YES;
				CLANG_WARN_NON_LITERAL_NULL_CONVERSION = YES;
				CLANG_WARN_OBJC_IMPLICIT_RETAIN_SELF = YES;
				CLANG_WARN_OBJC_LITERAL_CONVERSION = YES;
				CLANG_WARN_OBJC_ROOT_CLASS = YES_ERROR;
				CLANG_WARN_RANGE_LOOP_ANALYSIS = YES;
				CLANG_WARN_STRICT_PROTOTYPES = YES;
				CLANG_WARN_SUSPICIOUS_MOVE = YES;
				CLANG_WARN_UNGUARDED_AVAILABILITY = YES_AGGRESSIVE;
				CLANG_WARN_UNREACHABLE_CODE = YES;
				CLANG_WARN__DUPLICATE_METHOD_MATCH = YES;
				CODE_SIGN_IDENTITY = "iPhone Developer";
				COPY_PHASE_STRIP = NO;
				DEBUG_INFORMATION_FORMAT = dwarf;
				ENABLE_STRICT_OBJC_MSGSEND = YES;
				ENABLE_TESTABILITY = YES;
				GCC_C_LANGUAGE_STANDARD = gnu11;
				GCC_DYNAMIC_NO_PIC = NO;
				GCC_NO_COMMON_BLOCKS = YES;
				GCC_OPTIMIZATION_LEVEL = 0;
				GCC_PREPROCESSOR_DEFINITIONS = (
					"DEBUG=1",
					"$(inherited)",
				);
				GCC_WARN_64_TO_32_BIT_CONVERSION = YES;
				GCC_WARN_ABOUT_RETURN_TYPE = YES_ERROR;
				GCC_WARN_UNDECLARED_SELECTOR = YES;
				GCC_WARN_UNINITIALIZED_AUTOS = YES_AGGRESSIVE;
				GCC_WARN_UNUSED_FUNCTION = YES;
				GCC_WARN_UNUSED_VARIABLE = YES;
				IPHONEOS_DEPLOYMENT_TARGET = 12.1;
				MTL_ENABLE_DEBUG_INFO = INCLUDE_SOURCE;
				MTL_FAST_MATH = YES;
				ONLY_ACTIVE_ARCH = YES;
				SDKROOT = iphoneos;
			};
			name = Debug;
		};
		5A3D68CD21CD2CD300994FEE /* Release */ = {
			isa = XCBuildConfiguration;
			buildSettings = {
				ALWAYS_SEARCH_USER_PATHS = NO;
				CLANG_ANALYZER_NONNULL = YES;
				CLANG_ANALYZER_NUMBER_OBJECT_CONVERSION = YES_AGGRESSIVE;
				CLANG_CXX_LANGUAGE_STANDARD = "gnu++14";
				CLANG_CXX_LIBRARY = "libc++";
				CLANG_ENABLE_MODULES = YES;
				CLANG_ENABLE_OBJC_ARC = YES;
				CLANG_ENABLE_OBJC_WEAK = YES;
				CLANG_WARN_BLOCK_CAPTURE_AUTORELEASING = YES;
				CLANG_WARN_BOOL_CONVERSION = YES;
				CLANG_WARN_COMMA = YES;
				CLANG_WARN_CONSTANT_CONVERSION = YES;
				CLANG_WARN_DEPRECATED_OBJC_IMPLEMENTATIONS = YES;
				CLANG_WARN_DIRECT_OBJC_ISA_USAGE = YES_ERROR;
				CLANG_WARN_DOCUMENTATION_COMMENTS = YES;
				CLANG_WARN_EMPTY_BODY = YES;
				CLANG_WARN_ENUM_CONVERSION = YES;
				CLANG_WARN_INFINITE_RECURSION = YES;
				CLANG_WARN_INT_CONVERSION = YES;
				CLANG_WARN_NON_LITERAL_NULL_CONVERSION = YES;
				CLANG_WARN_OBJC_IMPLICIT_RETAIN_SELF = YES;
				CLANG_WARN_OBJC_LITERAL_CONVERSION = YES;
				CLANG_WARN_OBJC_ROOT_CLASS = YES_ERROR;
				CLANG_WARN_RANGE_LOOP_ANALYSIS = YES;
				CLANG_WARN_STRICT_PROTOTYPES = YES;
				CLANG_WARN_SUSPICIOUS_MOVE = YES;
				CLANG_WARN_UNGUARDED_AVAILABILITY = YES_AGGRESSIVE;
				CLANG_WARN_UNREACHABLE_CODE = YES;
				CLANG_WARN__DUPLICATE_METHOD_MATCH = YES;
				CODE_SIGN_IDENTITY = "iPhone Developer";
				COPY_PHASE_STRIP = NO;
				DEBUG_INFORMATION_FORMAT = "dwarf-with-dsym";
				ENABLE_NS_ASSERTIONS = NO;
				ENABLE_STRICT_OBJC_MSGSEND = YES;
				GCC_C_LANGUAGE_STANDARD = gnu11;
				GCC_NO_COMMON_BLOCKS = YES;
				GCC_WARN_64_TO_32_BIT_CONVERSION = YES;
				GCC_WARN_ABOUT_RETURN_TYPE = YES_ERROR;
				GCC_WARN_UNDECLARED_SELECTOR = YES;
				GCC_WARN_UNINITIALIZED_AUTOS = YES_AGGRESSIVE;
				GCC_WARN_UNUSED_FUNCTION = YES;
				GCC_WARN_UNUSED_VARIABLE = YES;
				IPHONEOS_DEPLOYMENT_TARGET = 12.1;
				MTL_ENABLE_DEBUG_INFO = NO;
				MTL_FAST_MATH = YES;
				SDKROOT = iphoneos;
				VALIDATE_PRODUCT = YES;
			};
			name = Release;
		};
		5A3D68CF21CD2CD300994FEE /* Debug */ = {
			isa = XCBuildConfiguration;
			baseConfigurationReference = 59604E6E5919A1E83714FEFC /* Pods-RouteAction-Example.debug.xcconfig */;
			buildSettings = {
				ASSETCATALOG_COMPILER_APPICON_NAME = AppIcon;
				CODE_SIGN_STYLE = Automatic;
				DEVELOPMENT_TEAM = 279PVQNPA3;
				INFOPLIST_FILE = "RouteAction-Example/Info.plist";
				LD_RUNPATH_SEARCH_PATHS = (
					"$(inherited)",
					"@executable_path/Frameworks",
				);
				PRODUCT_BUNDLE_IDENTIFIER = com.test.ygy;
				PRODUCT_NAME = "$(TARGET_NAME)";
				TARGETED_DEVICE_FAMILY = "1,2";
			};
			name = Debug;
		};
		5A3D68D021CD2CD300994FEE /* Release */ = {
			isa = XCBuildConfiguration;
			baseConfigurationReference = C2BA4D4982A979F37CBB6B4C /* Pods-RouteAction-Example.release.xcconfig */;
			buildSettings = {
				ASSETCATALOG_COMPILER_APPICON_NAME = AppIcon;
				CODE_SIGN_STYLE = Automatic;
				DEVELOPMENT_TEAM = 279PVQNPA3;
				INFOPLIST_FILE = "RouteAction-Example/Info.plist";
				LD_RUNPATH_SEARCH_PATHS = (
					"$(inherited)",
					"@executable_path/Frameworks",
				);
				PRODUCT_BUNDLE_IDENTIFIER = com.test.ygy;
				PRODUCT_NAME = "$(TARGET_NAME)";
				TARGETED_DEVICE_FAMILY = "1,2";
			};
			name = Release;
		};
/* End XCBuildConfiguration section */

/* Begin XCConfigurationList section */
		5A3D68B321CD2CD300994FEE /* Build configuration list for PBXProject "RouteAction-Example" */ = {
			isa = XCConfigurationList;
			buildConfigurations = (
				5A3D68CC21CD2CD300994FEE /* Debug */,
				5A3D68CD21CD2CD300994FEE /* Release */,
			);
			defaultConfigurationIsVisible = 0;
			defaultConfigurationName = Release;
		};
		5A3D68CE21CD2CD300994FEE /* Build configuration list for PBXNativeTarget "RouteAction-Example" */ = {
			isa = XCConfigurationList;
			buildConfigurations = (
				5A3D68CF21CD2CD300994FEE /* Debug */,
				5A3D68D021CD2CD300994FEE /* Release */,
			);
			defaultConfigurationIsVisible = 0;
			defaultConfigurationName = Release;
		};
/* End XCConfigurationList section */
	};
	rootObject = 5A3D68B021CD2CD300994FEE /* Project object */;
}
